
Microsoft Visual Studio Solution File, Format Version 12.00
# Visual Studio Version 16
VisualStudioVersion = 16.0.31727.386
MinimumVisualStudioVersion = 10.0.40219.1
Project("{9A19103F-16F7-4668-BE54-9A1E7A4F7556}") = "FootballLeague", "FootballLeague\FootballLeague.csproj", "{51E6082B-F89C-4148-B887-F56B60E72424}"
EndProject
Project("{9A19103F-16F7-4668-BE54-9A1E7A4F7556}") = "FootballLeague.Containers", "FootballLeague.Containers\FootballLeague.Containers.csproj", "{18195E85-3FCF-46B2-B22E-4B454B801452}"
EndProject
Project("{9A19103F-16F7-4668-BE54-9A1E7A4F7556}") = "FootballLeague.Data", "FootballLeague.Data\FootballLeague.Data.csproj", "{AA9D9462-9517-48EC-BFE4-6ABCC4BE51C4}"
EndProject
Project("{9A19103F-16F7-4668-BE54-9A1E7A4F7556}") = "FootballLeague.Abstraction", "FootballLeague.Abstraction\FootballLeague.Abstraction.csproj", "{41AC521D-E898-4D4C-8BEF-F3F689367BC1}"
EndProject
Project("{9A19103F-16F7-4668-BE54-9A1E7A4F7556}") = "FootballLeague.Services", "FootballLeague.Services\FootballLeague.Services.csproj", "{C1C4A39D-8483-4104-B5FB-2CE995447434}"
EndProject
Project("{9A19103F-16F7-4668-BE54-9A1E7A4F7556}") = "FootballLeague.Models", "FootballLeague.Models\FootballLeague.Models.csproj", "{0C91CF72-77D0-4C06-8EFF-E598140F7FCA}"
EndProject
Project("{FAE04EC0-301F-11D3-BF4B-00C04F79EFBC}") = "FootballLeague.Common", "FootballLeague.Common\FootballLeague.Common.csproj", "{2408CCBE-22BB-43B1-AC92-C5B1B7980D5D}"
EndProject
Global
	GlobalSection(SolutionConfigurationPlatforms) = preSolution
		Debug|Any CPU = Debug|Any CPU
		Release|Any CPU = Release|Any CPU
	EndGlobalSection
	GlobalSection(ProjectConfigurationPlatforms) = postSolution
		{51E6082B-F89C-4148-B887-F56B60E72424}.Debug|Any CPU.ActiveCfg = Debug|Any CPU
		{51E6082B-F89C-4148-B887-F56B60E72424}.Debug|Any CPU.Build.0 = Debug|Any CPU
		{51E6082B-F89C-4148-B887-F56B60E72424}.Release|Any CPU.ActiveCfg = Release|Any CPU
		{51E6082B-F89C-4148-B887-F56B60E72424}.Release|Any CPU.Build.0 = Release|Any CPU
		{18195E85-3FCF-46B2-B22E-4B454B801452}.Debug|Any CPU.ActiveCfg = Debug|Any CPU
		{18195E85-3FCF-46B2-B22E-4B454B801452}.Debug|Any CPU.Build.0 = Debug|Any CPU
		{18195E85-3FCF-46B2-B22E-4B454B801452}.Release|Any CPU.ActiveCfg = Release|Any CPU
		{18195E85-3FCF-46B2-B22E-4B454B801452}.Release|Any CPU.Build.0 = Release|Any CPU
		{AA9D9462-9517-48EC-BFE4-6ABCC4BE51C4}.Debug|Any CPU.ActiveCfg = Debug|Any CPU
		{AA9D9462-9517-48EC-BFE4-6ABCC4BE51C4}.Debug|Any CPU.Build.0 = Debug|Any CPU
		{AA9D9462-9517-48EC-BFE4-6ABCC4BE51C4}.Release|Any CPU.ActiveCfg = Release|Any CPU
		{AA9D9462-9517-48EC-BFE4-6ABCC4BE51C4}.Release|Any CPU.Build.0 = Release|Any CPU
		{41AC521D-E898-4D4C-8BEF-F3F689367BC1}.Debug|Any CPU.ActiveCfg = Debug|Any CPU
		{41AC521D-E898-4D4C-8BEF-F3F689367BC1}.Debug|Any CPU.Build.0 = Debug|Any CPU
		{41AC521D-E898-4D4C-8BEF-F3F689367BC1}.Release|Any CPU.ActiveCfg = Release|Any CPU
		{41AC521D-E898-4D4C-8BEF-F3F689367BC1}.Release|Any CPU.Build.0 = Release|Any CPU
		{C1C4A39D-8483-4104-B5FB-2CE995447434}.Debug|Any CPU.ActiveCfg = Debug|Any CPU
		{C1C4A39D-8483-4104-B5FB-2CE995447434}.Debug|Any CPU.Build.0 = Debug|Any CPU
		{C1C4A39D-8483-4104-B5FB-2CE995447434}.Release|Any CPU.ActiveCfg = Release|Any CPU
		{C1C4A39D-8483-4104-B5FB-2CE995447434}.Release|Any CPU.Build.0 = Release|Any CPU
		{0C91CF72-77D0-4C06-8EFF-E598140F7FCA}.Debug|Any CPU.ActiveCfg = Debug|Any CPU
		{0C91CF72-77D0-4C06-8EFF-E598140F7FCA}.Debug|Any CPU.Build.0 = Debug|Any CPU
		{0C91CF72-77D0-4C06-8EFF-E598140F7FCA}.Release|Any CPU.ActiveCfg = Release|Any CPU
		{0C91CF72-77D0-4C06-8EFF-E598140F7FCA}.Release|Any CPU.Build.0 = Release|Any CPU
		{2408CCBE-22BB-43B1-AC92-C5B1B7980D5D}.Debug|Any CPU.ActiveCfg = Debug|Any CPU
		{2408CCBE-22BB-43B1-AC92-C5B1B7980D5D}.Debug|Any CPU.Build.0 = Debug|Any CPU
		{2408CCBE-22BB-43B1-AC92-C5B1B7980D5D}.Release|Any CPU.ActiveCfg = Release|Any CPU
		{2408CCBE-22BB-43B1-AC92-C5B1B7980D5D}.Release|Any CPU.Build.0 = Release|Any CPU
	EndGlobalSection
	GlobalSection(SolutionProperties) = preSolution
		HideSolutionNode = FALSE
	EndGlobalSection
	GlobalSection(ExtensibilityGlobals) = postSolution
		SolutionGuid = {5A446281-EFFA-405E-92BB-DA5956D23541}
	EndGlobalSection
EndGlobal
